
Microsoft Visual Studio Solution File, Format Version 12.00
# Visual Studio Version 16
VisualStudioVersion = 16.0.31402.337
MinimumVisualStudioVersion = 10.0.40219.1
Project("{FAE04EC0-301F-11D3-BF4B-00C04F79EFBC}") = "CrudVUEJS", "CrudVUEJS.csproj", "{21B1E052-8DCC-48F7-8352-3CAE02407F36}"
EndProject
Global
	GlobalSection(SolutionConfigurationPlatforms) = preSolution
		Debug|Any CPU = Debug|Any CPU
		Release|Any CPU = Release|Any CPU
	EndGlobalSection
	GlobalSection(ProjectConfigurationPlatforms) = postSolution
		{21B1E052-8DCC-48F7-8352-3CAE02407F36}.Debug|Any CPU.ActiveCfg = Debug|Any CPU
		{21B1E052-8DCC-48F7-8352-3CAE02407F36}.Debug|Any CPU.Build.0 = Debug|Any CPU
		{21B1E052-8DCC-48F7-8352-3CAE02407F36}.Release|Any CPU.ActiveCfg = Release|Any CPU
		{21B1E052-8DCC-48F7-8352-3CAE02407F36}.Release|Any CPU.Build.0 = Release|Any CPU
	EndGlobalSection
	GlobalSection(SolutionProperties) = preSolution
		HideSolutionNode = FALSE
	EndGlobalSection
	GlobalSection(ExtensibilityGlobals) = postSolution
		SolutionGuid = {56F04AD4-74B3-4CCF-A5B3-6A17D831C31C}
	EndGlobalSection
EndGlobal
